
Microsoft Visual Studio Solution File, Format Version 12.00
# Visual Studio Version 17
VisualStudioVersion = 17.2.32526.322
MinimumVisualStudioVersion = 10.0.40219.1
Project("{FAE04EC0-301F-11D3-BF4B-00C04F79EFBC}") = "ExceptionMiddlewareExample", "ExceptionMiddlewareExample\ExceptionMiddlewareExample.csproj", "{19D434E3-934C-43DA-8CDE-B3D4289DB571}"
EndProject
Global
	GlobalSection(SolutionConfigurationPlatforms) = preSolution
		Debug|Any CPU = Debug|Any CPU
		Release|Any CPU = Release|Any CPU
	EndGlobalSection
	GlobalSection(ProjectConfigurationPlatforms) = postSolution
		{19D434E3-934C-43DA-8CDE-B3D4289DB571}.Debug|Any CPU.ActiveCfg = Debug|Any CPU
		{19D434E3-934C-43DA-8CDE-B3D4289DB571}.Debug|Any CPU.Build.0 = Debug|Any CPU
		{19D434E3-934C-43DA-8CDE-B3D4289DB571}.Release|Any CPU.ActiveCfg = Release|Any CPU
		{19D434E3-934C-43DA-8CDE-B3D4289DB571}.Release|Any CPU.Build.0 = Release|Any CPU
	EndGlobalSection
	GlobalSection(SolutionProperties) = preSolution
		HideSolutionNode = FALSE
	EndGlobalSection
	GlobalSection(ExtensibilityGlobals) = postSolution
		SolutionGuid = {EB2379DD-78CA-4D6A-81C8-EB9A4BAE83C5}
	EndGlobalSection
EndGlobal
